// !$*UTF8*$!
{
	archiveVersion = 1;
	classes = {
	};
	objectVersion = 46;
	objects = {

/* Begin PBXBuildFile section */
		D65133B819CFD731004D0C50 /* Child.m in Sources */ = {isa = PBXBuildFile; fileRef = D65133B719CFD731004D0C50 /* Child.m */; };
		D65133BB19CFD732004D0C50 /* Parents.m in Sources */ = {isa = PBXBuildFile; fileRef = D65133BA19CFD732004D0C50 /* Parents.m */; };
		D65133BF19CFFC19004D0C50 /* Card.m in Sources */ = {isa = PBXBuildFile; fileRef = D65133BE19CFFC19004D0C50 /* Card.m */; };
		D65133C219CFFC1A004D0C50 /* Person.m in Sources */ = {isa = PBXBuildFile; fileRef = D65133C119CFFC1A004D0C50 /* Person.m */; };
		D67732CD19CADF9600F51CA9 /* Foundation.framework in Frameworks */ = {isa = PBXBuildFile; fileRef = D67732CC19CADF9600F51CA9 /* Foundation.framework */; };
		D67732CF19CADF9600F51CA9 /* CoreGraphics.framework in Frameworks */ = {isa = PBXBuildFile; fileRef = D67732CE19CADF9600F51CA9 /* CoreGraphics.framework */; };
		D67732D119CADF9600F51CA9 /* UIKit.framework in Frameworks */ = {isa = PBXBuildFile; fileRef = D67732D019CADF9600F51CA9 /* UIKit.framework */; };
		D67732D719CADF9600F51CA9 /* InfoPlist.strings in Resources */ = {isa = PBXBuildFile; fileRef = D67732D519CADF9600F51CA9 /* InfoPlist.strings */; };
		D67732D919CADF9600F51CA9 /* main.m in Sources */ = {isa = PBXBuildFile; fileRef = D67732D819CADF9600F51CA9 /* main.m */; };
		D67732DD19CADF9600F51CA9 /* AppDelegate.m in Sources */ = {isa = PBXBuildFile; fileRef = D67732DC19CADF9600F51CA9 /* AppDelegate.m */; };
		D67732DF19CADF9600F51CA9 /* Images.xcassets in Resources */ = {isa = PBXBuildFile; fileRef = D67732DE19CADF9600F51CA9 /* Images.xcassets */; };
		D67732E619CADF9600F51CA9 /* XCTest.framework in Frameworks */ = {isa = PBXBuildFile; fileRef = D67732E519CADF9600F51CA9 /* XCTest.framework */; };
		D67732E719CADF9600F51CA9 /* Foundation.framework in Frameworks */ = {isa = PBXBuildFile; fileRef = D67732CC19CADF9600F51CA9 /* Foundation.framework */; };
		D67732E819CADF9600F51CA9 /* UIKit.framework in Frameworks */ = {isa = PBXBuildFile; fileRef = D67732D019CADF9600F51CA9 /* UIKit.framework */; };
		D67732F019CADF9600F51CA9 /* InfoPlist.strings in Resources */ = {isa = PBXBuildFile; fileRef = D67732EE19CADF9600F51CA9 /* InfoPlist.strings */; };
		D67732F219CADF9600F51CA9 /* MR_DemoTests.m in Sources */ = {isa = PBXBuildFile; fileRef = D67732F119CADF9600F51CA9 /* MR_DemoTests.m */; };
		D677333919CADFA100F51CA9 /* MagicalImportFunctions.m in Sources */ = {isa = PBXBuildFile; fileRef = D67732FF19CADFA100F51CA9 /* MagicalImportFunctions.m */; };
		D677333A19CADFA100F51CA9 /* NSAttributeDescription+MagicalDataImport.m in Sources */ = {isa = PBXBuildFile; fileRef = D677330119CADFA100F51CA9 /* NSAttributeDescription+MagicalDataImport.m */; };
		D677333B19CADFA100F51CA9 /* NSEntityDescription+MagicalDataImport.m in Sources */ = {isa = PBXBuildFile; fileRef = D677330319CADFA100F51CA9 /* NSEntityDescription+MagicalDataImport.m */; };
		D677333C19CADFA100F51CA9 /* NSNumber+MagicalDataImport.m in Sources */ = {isa = PBXBuildFile; fileRef = D677330519CADFA100F51CA9 /* NSNumber+MagicalDataImport.m */; };
		D677333D19CADFA100F51CA9 /* NSObject+MagicalDataImport.m in Sources */ = {isa = PBXBuildFile; fileRef = D677330719CADFA100F51CA9 /* NSObject+MagicalDataImport.m */; };
		D677333E19CADFA100F51CA9 /* NSRelationshipDescription+MagicalDataImport.m in Sources */ = {isa = PBXBuildFile; fileRef = D677330919CADFA100F51CA9 /* NSRelationshipDescription+MagicalDataImport.m */; };
		D677333F19CADFA100F51CA9 /* NSString+MagicalDataImport.m in Sources */ = {isa = PBXBuildFile; fileRef = D677330B19CADFA100F51CA9 /* NSString+MagicalDataImport.m */; };
		D677334019CADFA100F51CA9 /* NSManagedObject+MagicalAggregation.m in Sources */ = {isa = PBXBuildFile; fileRef = D677330E19CADFA100F51CA9 /* NSManagedObject+MagicalAggregation.m */; };
		D677334119CADFA100F51CA9 /* NSManagedObject+MagicalDataImport.m in Sources */ = {isa = PBXBuildFile; fileRef = D677331019CADFA100F51CA9 /* NSManagedObject+MagicalDataImport.m */; };
		D677334219CADFA100F51CA9 /* NSManagedObject+MagicalFinders.m in Sources */ = {isa = PBXBuildFile; fileRef = D677331219CADFA100F51CA9 /* NSManagedObject+MagicalFinders.m */; };
		D677334319CADFA100F51CA9 /* NSManagedObject+MagicalRecord.m in Sources */ = {isa = PBXBuildFile; fileRef = D677331419CADFA100F51CA9 /* NSManagedObject+MagicalRecord.m */; };
		D677334419CADFA100F51CA9 /* NSManagedObject+MagicalRequests.m in Sources */ = {isa = PBXBuildFile; fileRef = D677331619CADFA100F51CA9 /* NSManagedObject+MagicalRequests.m */; };
		D677334519CADFA100F51CA9 /* NSManagedObjectContext+MagicalObserving.m in Sources */ = {isa = PBXBuildFile; fileRef = D677331919CADFA100F51CA9 /* NSManagedObjectContext+MagicalObserving.m */; };
		D677334619CADFA100F51CA9 /* NSManagedObjectContext+MagicalRecord.m in Sources */ = {isa = PBXBuildFile; fileRef = D677331B19CADFA100F51CA9 /* NSManagedObjectContext+MagicalRecord.m */; };
		D677334719CADFA100F51CA9 /* NSManagedObjectContext+MagicalSaves.m in Sources */ = {isa = PBXBuildFile; fileRef = D677331D19CADFA100F51CA9 /* NSManagedObjectContext+MagicalSaves.m */; };
		D677334819CADFA100F51CA9 /* NSManagedObjectContext+MagicalThreading.m in Sources */ = {isa = PBXBuildFile; fileRef = D677331F19CADFA100F51CA9 /* NSManagedObjectContext+MagicalThreading.m */; };
		D677334919CADFA100F51CA9 /* NSManagedObjectModel+MagicalRecord.m in Sources */ = {isa = PBXBuildFile; fileRef = D677332119CADFA100F51CA9 /* NSManagedObjectModel+MagicalRecord.m */; };
		D677334A19CADFA100F51CA9 /* NSPersistentStore+MagicalRecord.m in Sources */ = {isa = PBXBuildFile; fileRef = D677332319CADFA100F51CA9 /* NSPersistentStore+MagicalRecord.m */; };
		D677334B19CADFA100F51CA9 /* NSPersistentStoreCoordinator+MagicalRecord.m in Sources */ = {isa = PBXBuildFile; fileRef = D677332519CADFA100F51CA9 /* NSPersistentStoreCoordinator+MagicalRecord.m */; };
		D677334C19CADFA100F51CA9 /* MagicalRecord+Actions.m in Sources */ = {isa = PBXBuildFile; fileRef = D677332819CADFA100F51CA9 /* MagicalRecord+Actions.m */; };
		D677334D19CADFA100F51CA9 /* MagicalRecord+ErrorHandling.m in Sources */ = {isa = PBXBuildFile; fileRef = D677332A19CADFA100F51CA9 /* MagicalRecord+ErrorHandling.m */; };
		D677334E19CADFA100F51CA9 /* MagicalRecord+iCloud.m in Sources */ = {isa = PBXBuildFile; fileRef = D677332C19CADFA100F51CA9 /* MagicalRecord+iCloud.m */; };
		D677334F19CADFA100F51CA9 /* MagicalRecord+Options.m in Sources */ = {isa = PBXBuildFile; fileRef = D677332E19CADFA100F51CA9 /* MagicalRecord+Options.m */; };
		D677335019CADFA100F51CA9 /* MagicalRecord+Setup.m in Sources */ = {isa = PBXBuildFile; fileRef = D677333019CADFA100F51CA9 /* MagicalRecord+Setup.m */; };
		D677335119CADFA100F51CA9 /* MagicalRecord+ShorthandSupport.m in Sources */ = {isa = PBXBuildFile; fileRef = D677333219CADFA100F51CA9 /* MagicalRecord+ShorthandSupport.m */; };
		D677335219CADFA100F51CA9 /* MagicalRecord.m in Sources */ = {isa = PBXBuildFile; fileRef = D677333419CADFA100F51CA9 /* MagicalRecord.m */; };
		D677335419CADFB500F51CA9 /* CoreData.framework in Frameworks */ = {isa = PBXBuildFile; fileRef = D677335319CADFB500F51CA9 /* CoreData.framework */; };
		D677335A19CAE08F00F51CA9 /* Student.m in Sources */ = {isa = PBXBuildFile; fileRef = D677335919CAE08F00F51CA9 /* Student.m */; };
		D677336619CAE33C00F51CA9 /* Model.xcdatamodeld in Sources */ = {isa = PBXBuildFile; fileRef = D677336419CAE33C00F51CA9 /* Model.xcdatamodeld */; };
		D677336919CAE37800F51CA9 /* Class_list.m in Sources */ = {isa = PBXBuildFile; fileRef = D677336819CAE37800F51CA9 /* Class_list.m */; };
/* End PBXBuildFile section */

/* Begin PBXContainerItemProxy section */
		D67732E919CADF9600F51CA9 /* PBXContainerItemProxy */ = {
			isa = PBXContainerItemProxy;
			containerPortal = D67732C119CADF9600F51CA9 /* Project object */;
			proxyType = 1;
			remoteGlobalIDString = D67732C819CADF9600F51CA9;
			remoteInfo = MR_Demo;
		};
/* End PBXContainerItemProxy section */

/* Begin PBXFileReference section */
		D65133B619CFD731004D0C50 /* Child.h */ = {isa = PBXFileReference; fileEncoding = 4; lastKnownFileType = sourcecode.c.h; path = Child.h; sourceTree = "<group>"; };
		D65133B719CFD731004D0C50 /* Child.m */ = {isa = PBXFileReference; fileEncoding = 4; lastKnownFileType = sourcecode.c.objc; path = Child.m; sourceTree = "<group>"; };
		D65133B919CFD732004D0C50 /* Parents.h */ = {isa = PBXFileReference; fileEncoding = 4; lastKnownFileType = sourcecode.c.h; path = Parents.h; sourceTree = "<group>"; };
		D65133BA19CFD732004D0C50 /* Parents.m */ = {isa = PBXFileReference; fileEncoding = 4; lastKnownFileType = sourcecode.c.objc; path = Parents.m; sourceTree = "<group>"; };
		D65133BC19CFEE7D004D0C50 /* Model 2.xcdatamodel */ = {isa = PBXFileReference; lastKnownFileType = wrapper.xcdatamodel; path = "Model 2.xcdatamodel"; sourceTree = "<group>"; };
		D65133BD19CFFC19004D0C50 /* Card.h */ = {isa = PBXFileReference; fileEncoding = 4; lastKnownFileType = sourcecode.c.h; path = Card.h; sourceTree = "<group>"; };
		D65133BE19CFFC19004D0C50 /* Card.m */ = {isa = PBXFileReference; fileEncoding = 4; lastKnownFileType = sourcecode.c.objc; path = Card.m; sourceTree = "<group>"; };
		D65133C019CFFC1A004D0C50 /* Person.h */ = {isa = PBXFileReference; fileEncoding = 4; lastKnownFileType = sourcecode.c.h; path = Person.h; sourceTree = "<group>"; };
		D65133C119CFFC1A004D0C50 /* Person.m */ = {isa = PBXFileReference; fileEncoding = 4; lastKnownFileType = sourcecode.c.objc; path = Person.m; sourceTree = "<group>"; };
		D67732C919CADF9600F51CA9 /* MR_Demo.app */ = {isa = PBXFileReference; explicitFileType = wrapper.application; includeInIndex = 0; path = MR_Demo.app; sourceTree = BUILT_PRODUCTS_DIR; };
		D67732CC19CADF9600F51CA9 /* Foundation.framework */ = {isa = PBXFileReference; lastKnownFileType = wrapper.framework; name = Foundation.framework; path = System/Library/Frameworks/Foundation.framework; sourceTree = SDKROOT; };
		D67732CE19CADF9600F51CA9 /* CoreGraphics.framework */ = {isa = PBXFileReference; lastKnownFileType = wrapper.framework; name = CoreGraphics.framework; path = System/Library/Frameworks/CoreGraphics.framework; sourceTree = SDKROOT; };
		D67732D019CADF9600F51CA9 /* UIKit.framework */ = {isa = PBXFileReference; lastKnownFileType = wrapper.framework; name = UIKit.framework; path = System/Library/Frameworks/UIKit.framework; sourceTree = SDKROOT; };
		D67732D419CADF9600F51CA9 /* MR_Demo-Info.plist */ = {isa = PBXFileReference; lastKnownFileType = text.plist.xml; path = "MR_Demo-Info.plist"; sourceTree = "<group>"; };
		D67732D619CADF9600F51CA9 /* en */ = {isa = PBXFileReference; lastKnownFileType = text.plist.strings; name = en; path = en.lproj/InfoPlist.strings; sourceTree = "<group>"; };
		D67732D819CADF9600F51CA9 /* main.m */ = {isa = PBXFileReference; lastKnownFileType = sourcecode.c.objc; path = main.m; sourceTree = "<group>"; };
		D67732DA19CADF9600F51CA9 /* MR_Demo-Prefix.pch */ = {isa = PBXFileReference; lastKnownFileType = sourcecode.c.h; path = "MR_Demo-Prefix.pch"; sourceTree = "<group>"; };
		D67732DB19CADF9600F51CA9 /* AppDelegate.h */ = {isa = PBXFileReference; lastKnownFileType = sourcecode.c.h; path = AppDelegate.h; sourceTree = "<group>"; };
		D67732DC19CADF9600F51CA9 /* AppDelegate.m */ = {isa = PBXFileReference; lastKnownFileType = sourcecode.c.objc; path = AppDelegate.m; sourceTree = "<group>"; };
		D67732DE19CADF9600F51CA9 /* Images.xcassets */ = {isa = PBXFileReference; lastKnownFileType = folder.assetcatalog; path = Images.xcassets; sourceTree = "<group>"; };
		D67732E419CADF9600F51CA9 /* MR_DemoTests.xctest */ = {isa = PBXFileReference; explicitFileType = wrapper.cfbundle; includeInIndex = 0; path = MR_DemoTests.xctest; sourceTree = BUILT_PRODUCTS_DIR; };
		D67732E519CADF9600F51CA9 /* XCTest.framework */ = {isa = PBXFileReference; lastKnownFileType = wrapper.framework; name = XCTest.framework; path = Library/Frameworks/XCTest.framework; sourceTree = DEVELOPER_DIR; };
		D67732ED19CADF9600F51CA9 /* MR_DemoTests-Info.plist */ = {isa = PBXFileReference; lastKnownFileType = text.plist.xml; path = "MR_DemoTests-Info.plist"; sourceTree = "<group>"; };
		D67732EF19CADF9600F51CA9 /* en */ = {isa = PBXFileReference; lastKnownFileType = text.plist.strings; name = en; path = en.lproj/InfoPlist.strings; sourceTree = "<group>"; };
		D67732F119CADF9600F51CA9 /* MR_DemoTests.m */ = {isa = PBXFileReference; lastKnownFileType = sourcecode.c.objc; path = MR_DemoTests.m; sourceTree = "<group>"; };
		D67732FE19CADFA100F51CA9 /* MagicalImportFunctions.h */ = {isa = PBXFileReference; fileEncoding = 4; lastKnownFileType = sourcecode.c.h; path = MagicalImportFunctions.h; sourceTree = "<group>"; };
		D67732FF19CADFA100F51CA9 /* MagicalImportFunctions.m */ = {isa = PBXFileReference; fileEncoding = 4; lastKnownFileType = sourcecode.c.objc; path = MagicalImportFunctions.m; sourceTree = "<group>"; };
		D677330019CADFA100F51CA9 /* NSAttributeDescription+MagicalDataImport.h */ = {isa = PBXFileReference; fileEncoding = 4; lastKnownFileType = sourcecode.c.h; path = "NSAttributeDescription+MagicalDataImport.h"; sourceTree = "<group>"; };
		D677330119CADFA100F51CA9 /* NSAttributeDescription+MagicalDataImport.m */ = {isa = PBXFileReference; fileEncoding = 4; lastKnownFileType = sourcecode.c.objc; path = "NSAttributeDescription+MagicalDataImport.m"; sourceTree = "<group>"; };
		D677330219CADFA100F51CA9 /* NSEntityDescription+MagicalDataImport.h */ = {isa = PBXFileReference; fileEncoding = 4; lastKnownFileType = sourcecode.c.h; path = "NSEntityDescription+MagicalDataImport.h"; sourceTree = "<group>"; };
		D677330319CADFA100F51CA9 /* NSEntityDescription+MagicalDataImport.m */ = {isa = PBXFileReference; fileEncoding = 4; lastKnownFileType = sourcecode.c.objc; path = "NSEntityDescription+MagicalDataImport.m"; sourceTree = "<group>"; };
		D677330419CADFA100F51CA9 /* NSNumber+MagicalDataImport.h */ = {isa = PBXFileReference; fileEncoding = 4; lastKnownFileType = sourcecode.c.h; path = "NSNumber+MagicalDataImport.h"; sourceTree = "<group>"; };
		D677330519CADFA100F51CA9 /* NSNumber+MagicalDataImport.m */ = {isa = PBXFileReference; fileEncoding = 4; lastKnownFileType = sourcecode.c.objc; path = "NSNumber+MagicalDataImport.m"; sourceTree = "<group>"; };
		D677330619CADFA100F51CA9 /* NSObject+MagicalDataImport.h */ = {isa = PBXFileReference; fileEncoding = 4; lastKnownFileType = sourcecode.c.h; path = "NSObject+MagicalDataImport.h"; sourceTree = "<group>"; };
		D677330719CADFA100F51CA9 /* NSObject+MagicalDataImport.m */ = {isa = PBXFileReference; fileEncoding = 4; lastKnownFileType = sourcecode.c.objc; path = "NSObject+MagicalDataImport.m"; sourceTree = "<group>"; };
		D677330819CADFA100F51CA9 /* NSRelationshipDescription+MagicalDataImport.h */ = {isa = PBXFileReference; fileEncoding = 4; lastKnownFileType = sourcecode.c.h; path = "NSRelationshipDescription+MagicalDataImport.h"; sourceTree = "<group>"; };
		D677330919CADFA100F51CA9 /* NSRelationshipDescription+MagicalDataImport.m */ = {isa = PBXFileReference; fileEncoding = 4; lastKnownFileType = sourcecode.c.objc; path = "NSRelationshipDescription+MagicalDataImport.m"; sourceTree = "<group>"; };
		D677330A19CADFA100F51CA9 /* NSString+MagicalDataImport.h */ = {isa = PBXFileReference; fileEncoding = 4; lastKnownFileType = sourcecode.c.h; path = "NSString+MagicalDataImport.h"; sourceTree = "<group>"; };
		D677330B19CADFA100F51CA9 /* NSString+MagicalDataImport.m */ = {isa = PBXFileReference; fileEncoding = 4; lastKnownFileType = sourcecode.c.objc; path = "NSString+MagicalDataImport.m"; sourceTree = "<group>"; };
		D677330D19CADFA100F51CA9 /* NSManagedObject+MagicalAggregation.h */ = {isa = PBXFileReference; fileEncoding = 4; lastKnownFileType = sourcecode.c.h; path = "NSManagedObject+MagicalAggregation.h"; sourceTree = "<group>"; };
		D677330E19CADFA100F51CA9 /* NSManagedObject+MagicalAggregation.m */ = {isa = PBXFileReference; fileEncoding = 4; lastKnownFileType = sourcecode.c.objc; path = "NSManagedObject+MagicalAggregation.m"; sourceTree = "<group>"; };
		D677330F19CADFA100F51CA9 /* NSManagedObject+MagicalDataImport.h */ = {isa = PBXFileReference; fileEncoding = 4; lastKnownFileType = sourcecode.c.h; path = "NSManagedObject+MagicalDataImport.h"; sourceTree = "<group>"; };
		D677331019CADFA100F51CA9 /* NSManagedObject+MagicalDataImport.m */ = {isa = PBXFileReference; fileEncoding = 4; lastKnownFileType = sourcecode.c.objc; path = "NSManagedObject+MagicalDataImport.m"; sourceTree = "<group>"; };
		D677331119CADFA100F51CA9 /* NSManagedObject+MagicalFinders.h */ = {isa = PBXFileReference; fileEncoding = 4; lastKnownFileType = sourcecode.c.h; path = "NSManagedObject+MagicalFinders.h"; sourceTree = "<group>"; };
		D677331219CADFA100F51CA9 /* NSManagedObject+MagicalFinders.m */ = {isa = PBXFileReference; fileEncoding = 4; lastKnownFileType = sourcecode.c.objc; path = "NSManagedObject+MagicalFinders.m"; sourceTree = "<group>"; };
		D677331319CADFA100F51CA9 /* NSManagedObject+MagicalRecord.h */ = {isa = PBXFileReference; fileEncoding = 4; lastKnownFileType = sourcecode.c.h; path = "NSManagedObject+MagicalRecord.h"; sourceTree = "<group>"; };
		D677331419CADFA100F51CA9 /* NSManagedObject+MagicalRecord.m */ = {isa = PBXFileReference; fileEncoding = 4; lastKnownFileType = sourcecode.c.objc; path = "NSManagedObject+MagicalRecord.m"; sourceTree = "<group>"; };
		D677331519CADFA100F51CA9 /* NSManagedObject+MagicalRequests.h */ = {isa = PBXFileReference; fileEncoding = 4; lastKnownFileType = sourcecode.c.h; path = "NSManagedObject+MagicalRequests.h"; sourceTree = "<group>"; };
		D677331619CADFA100F51CA9 /* NSManagedObject+MagicalRequests.m */ = {isa = PBXFileReference; fileEncoding = 4; lastKnownFileType = sourcecode.c.objc; path = "NSManagedObject+MagicalRequests.m"; sourceTree = "<group>"; };
		D677331819CADFA100F51CA9 /* NSManagedObjectContext+MagicalObserving.h */ = {isa = PBXFileReference; fileEncoding = 4; lastKnownFileType = sourcecode.c.h; path = "NSManagedObjectContext+MagicalObserving.h"; sourceTree = "<group>"; };
		D677331919CADFA100F51CA9 /* NSManagedObjectContext+MagicalObserving.m */ = {isa = PBXFileReference; fileEncoding = 4; lastKnownFileType = sourcecode.c.objc; path = "NSManagedObjectContext+MagicalObserving.m"; sourceTree = "<group>"; };
		D677331A19CADFA100F51CA9 /* NSManagedObjectContext+MagicalRecord.h */ = {isa = PBXFileReference; fileEncoding = 4; lastKnownFileType = sourcecode.c.h; path = "NSManagedObjectContext+MagicalRecord.h"; sourceTree = "<group>"; };
		D677331B19CADFA100F51CA9 /* NSManagedObjectContext+MagicalRecord.m */ = {isa = PBXFileReference; fileEncoding = 4; lastKnownFileType = sourcecode.c.objc; path = "NSManagedObjectContext+MagicalRecord.m"; sourceTree = "<group>"; };
		D677331C19CADFA100F51CA9 /* NSManagedObjectContext+MagicalSaves.h */ = {isa = PBXFileReference; fileEncoding = 4; lastKnownFileType = sourcecode.c.h; path = "NSManagedObjectContext+MagicalSaves.h"; sourceTree = "<group>"; };
		D677331D19CADFA100F51CA9 /* NSManagedObjectContext+MagicalSaves.m */ = {isa = PBXFileReference; fileEncoding = 4; lastKnownFileType = sourcecode.c.objc; path = "NSManagedObjectContext+MagicalSaves.m"; sourceTree = "<group>"; };
		D677331E19CADFA100F51CA9 /* NSManagedObjectContext+MagicalThreading.h */ = {isa = PBXFileReference; fileEncoding = 4; lastKnownFileType = sourcecode.c.h; path = "NSManagedObjectContext+MagicalThreading.h"; sourceTree = "<group>"; };
		D677331F19CADFA100F51CA9 /* NSManagedObjectContext+MagicalThreading.m */ = {isa = PBXFileReference; fileEncoding = 4; lastKnownFileType = sourcecode.c.objc; path = "NSManagedObjectContext+MagicalThreading.m"; sourceTree = "<group>"; };
		D677332019CADFA100F51CA9 /* NSManagedObjectModel+MagicalRecord.h */ = {isa = PBXFileReference; fileEncoding = 4; lastKnownFileType = sourcecode.c.h; path = "NSManagedObjectModel+MagicalRecord.h"; sourceTree = "<group>"; };
		D677332119CADFA100F51CA9 /* NSManagedObjectModel+MagicalRecord.m */ = {isa = PBXFileReference; fileEncoding = 4; lastKnownFileType = sourcecode.c.objc; path = "NSManagedObjectModel+MagicalRecord.m"; sourceTree = "<group>"; };
		D677332219CADFA100F51CA9 /* NSPersistentStore+MagicalRecord.h */ = {isa = PBXFileReference; fileEncoding = 4; lastKnownFileType = sourcecode.c.h; path = "NSPersistentStore+MagicalRecord.h"; sourceTree = "<group>"; };
		D677332319CADFA100F51CA9 /* NSPersistentStore+MagicalRecord.m */ = {isa = PBXFileReference; fileEncoding = 4; lastKnownFileType = sourcecode.c.objc; path = "NSPersistentStore+MagicalRecord.m"; sourceTree = "<group>"; };
		D677332419CADFA100F51CA9 /* NSPersistentStoreCoordinator+MagicalRecord.h */ = {isa = PBXFileReference; fileEncoding = 4; lastKnownFileType = sourcecode.c.h; path = "NSPersistentStoreCoordinator+MagicalRecord.h"; sourceTree = "<group>"; };
		D677332519CADFA100F51CA9 /* NSPersistentStoreCoordinator+MagicalRecord.m */ = {isa = PBXFileReference; fileEncoding = 4; lastKnownFileType = sourcecode.c.objc; path = "NSPersistentStoreCoordinator+MagicalRecord.m"; sourceTree = "<group>"; };
		D677332719CADFA100F51CA9 /* MagicalRecord+Actions.h */ = {isa = PBXFileReference; fileEncoding = 4; lastKnownFileType = sourcecode.c.h; path = "MagicalRecord+Actions.h"; sourceTree = "<group>"; };
		D677332819CADFA100F51CA9 /* MagicalRecord+Actions.m */ = {isa = PBXFileReference; fileEncoding = 4; lastKnownFileType = sourcecode.c.objc; path = "MagicalRecord+Actions.m"; sourceTree = "<group>"; };
		D677332919CADFA100F51CA9 /* MagicalRecord+ErrorHandling.h */ = {isa = PBXFileReference; fileEncoding = 4; lastKnownFileType = sourcecode.c.h; path = "MagicalRecord+ErrorHandling.h"; sourceTree = "<group>"; };
		D677332A19CADFA100F51CA9 /* MagicalRecord+ErrorHandling.m */ = {isa = PBXFileReference; fileEncoding = 4; lastKnownFileType = sourcecode.c.objc; path = "MagicalRecord+ErrorHandling.m"; sourceTree = "<group>"; };
		D677332B19CADFA100F51CA9 /* MagicalRecord+iCloud.h */ = {isa = PBXFileReference; fileEncoding = 4; lastKnownFileType = sourcecode.c.h; path = "MagicalRecord+iCloud.h"; sourceTree = "<group>"; };
		D677332C19CADFA100F51CA9 /* MagicalRecord+iCloud.m */ = {isa = PBXFileReference; fileEncoding = 4; lastKnownFileType = sourcecode.c.objc; path = "MagicalRecord+iCloud.m"; sourceTree = "<group>"; };
		D677332D19CADFA100F51CA9 /* MagicalRecord+Options.h */ = {isa = PBXFileReference; fileEncoding = 4; lastKnownFileType = sourcecode.c.h; path = "MagicalRecord+Options.h"; sourceTree = "<group>"; };
		D677332E19CADFA100F51CA9 /* MagicalRecord+Options.m */ = {isa = PBXFileReference; fileEncoding = 4; lastKnownFileType = sourcecode.c.objc; path = "MagicalRecord+Options.m"; sourceTree = "<group>"; };
		D677332F19CADFA100F51CA9 /* MagicalRecord+Setup.h */ = {isa = PBXFileReference; fileEncoding = 4; lastKnownFileType = sourcecode.c.h; path = "MagicalRecord+Setup.h"; sourceTree = "<group>"; };
		D677333019CADFA100F51CA9 /* MagicalRecord+Setup.m */ = {isa = PBXFileReference; fileEncoding = 4; lastKnownFileType = sourcecode.c.objc; path = "MagicalRecord+Setup.m"; sourceTree = "<group>"; };
		D677333119CADFA100F51CA9 /* MagicalRecord+ShorthandSupport.h */ = {isa = PBXFileReference; fileEncoding = 4; lastKnownFileType = sourcecode.c.h; path = "MagicalRecord+ShorthandSupport.h"; sourceTree = "<group>"; };
		D677333219CADFA100F51CA9 /* MagicalRecord+ShorthandSupport.m */ = {isa = PBXFileReference; fileEncoding = 4; lastKnownFileType = sourcecode.c.objc; path = "MagicalRecord+ShorthandSupport.m"; sourceTree = "<group>"; };
		D677333319CADFA100F51CA9 /* MagicalRecord.h */ = {isa = PBXFileReference; fileEncoding = 4; lastKnownFileType = sourcecode.c.h; path = MagicalRecord.h; sourceTree = "<group>"; };
		D677333419CADFA100F51CA9 /* MagicalRecord.m */ = {isa = PBXFileReference; fileEncoding = 4; lastKnownFileType = sourcecode.c.objc; path = MagicalRecord.m; sourceTree = "<group>"; };
		D677333519CADFA100F51CA9 /* MagicalRecordDeprecated.h */ = {isa = PBXFileReference; fileEncoding = 4; lastKnownFileType = sourcecode.c.h; path = MagicalRecordDeprecated.h; sourceTree = "<group>"; };
		D677333619CADFA100F51CA9 /* MagicalRecordLogging.h */ = {isa = PBXFileReference; fileEncoding = 4; lastKnownFileType = sourcecode.c.h; path = MagicalRecordLogging.h; sourceTree = "<group>"; };
		D677333719CADFA100F51CA9 /* MagicalRecordShorthand.h */ = {isa = PBXFileReference; fileEncoding = 4; lastKnownFileType = sourcecode.c.h; path = MagicalRecordShorthand.h; sourceTree = "<group>"; };
		D677333819CADFA100F51CA9 /* CoreData+MagicalRecord.h */ = {isa = PBXFileReference; fileEncoding = 4; lastKnownFileType = sourcecode.c.h; path = "CoreData+MagicalRecord.h"; sourceTree = "<group>"; };
		D677335319CADFB500F51CA9 /* CoreData.framework */ = {isa = PBXFileReference; lastKnownFileType = wrapper.framework; name = CoreData.framework; path = System/Library/Frameworks/CoreData.framework; sourceTree = SDKROOT; };
		D677335819CAE08F00F51CA9 /* Student.h */ = {isa = PBXFileReference; fileEncoding = 4; lastKnownFileType = sourcecode.c.h; path = Student.h; sourceTree = "<group>"; };
		D677335919CAE08F00F51CA9 /* Student.m */ = {isa = PBXFileReference; fileEncoding = 4; lastKnownFileType = sourcecode.c.objc; path = Student.m; sourceTree = "<group>"; };
		D677336519CAE33C00F51CA9 /* Model.xcdatamodel */ = {isa = PBXFileReference; lastKnownFileType = wrapper.xcdatamodel; path = Model.xcdatamodel; sourceTree = "<group>"; };
		D677336719CAE37800F51CA9 /* Class_list.h */ = {isa = PBXFileReference; fileEncoding = 4; lastKnownFileType = sourcecode.c.h; path = Class_list.h; sourceTree = "<group>"; };
		D677336819CAE37800F51CA9 /* Class_list.m */ = {isa = PBXFileReference; fileEncoding = 4; lastKnownFileType = sourcecode.c.objc; path = Class_list.m; sourceTree = "<group>"; };
/* End PBXFileReference section */

/* Begin PBXFrameworksBuildPhase section */
		D67732C619CADF9600F51CA9 /* Frameworks */ = {
			isa = PBXFrameworksBuildPhase;
			buildActionMask = 2147483647;
			files = (
				D677335419CADFB500F51CA9 /* CoreData.framework in Frameworks */,
				D67732CF19CADF9600F51CA9 /* CoreGraphics.framework in Frameworks */,
				D67732D119CADF9600F51CA9 /* UIKit.framework in Frameworks */,
				D67732CD19CADF9600F51CA9 /* Foundation.framework in Frameworks */,
			);
			runOnlyForDeploymentPostprocessing = 0;
		};
		D67732E119CADF9600F51CA9 /* Frameworks */ = {
			isa = PBXFrameworksBuildPhase;
			buildActionMask = 2147483647;
			files = (
				D67732E619CADF9600F51CA9 /* XCTest.framework in Frameworks */,
				D67732E819CADF9600F51CA9 /* UIKit.framework in Frameworks */,
				D67732E719CADF9600F51CA9 /* Foundation.framework in Frameworks */,
			);
			runOnlyForDeploymentPostprocessing = 0;
		};
/* End PBXFrameworksBuildPhase section */

/* Begin PBXGroup section */
		D67732C019CADF9600F51CA9 = {
			isa = PBXGroup;
			children = (
				D65133B919CFD732004D0C50 /* Parents.h */,
				D65133BA19CFD732004D0C50 /* Parents.m */,
				D65133B619CFD731004D0C50 /* Child.h */,
				D65133B719CFD731004D0C50 /* Child.m */,
				D67732D219CADF9600F51CA9 /* MR_Demo */,
				D67732EB19CADF9600F51CA9 /* MR_DemoTests */,
				D67732CB19CADF9600F51CA9 /* Frameworks */,
				D67732CA19CADF9600F51CA9 /* Products */,
			);
			sourceTree = "<group>";
		};
		D67732CA19CADF9600F51CA9 /* Products */ = {
			isa = PBXGroup;
			children = (
				D67732C919CADF9600F51CA9 /* MR_Demo.app */,
				D67732E419CADF9600F51CA9 /* MR_DemoTests.xctest */,
			);
			name = Products;
			sourceTree = "<group>";
		};
		D67732CB19CADF9600F51CA9 /* Frameworks */ = {
			isa = PBXGroup;
			children = (
				D677335319CADFB500F51CA9 /* CoreData.framework */,
				D67732CC19CADF9600F51CA9 /* Foundation.framework */,
				D67732CE19CADF9600F51CA9 /* CoreGraphics.framework */,
				D67732D019CADF9600F51CA9 /* UIKit.framework */,
				D67732E519CADF9600F51CA9 /* XCTest.framework */,
			);
			name = Frameworks;
			sourceTree = "<group>";
		};
		D67732D219CADF9600F51CA9 /* MR_Demo */ = {
			isa = PBXGroup;
			children = (
				D67732FB19CADFA100F51CA9 /* MagicalRecord */,
				D67732DB19CADF9600F51CA9 /* AppDelegate.h */,
				D67732DC19CADF9600F51CA9 /* AppDelegate.m */,
				D677336419CAE33C00F51CA9 /* Model.xcdatamodeld */,
				D65133C019CFFC1A004D0C50 /* Person.h */,
				D65133C119CFFC1A004D0C50 /* Person.m */,
				D65133BD19CFFC19004D0C50 /* Card.h */,
				D65133BE19CFFC19004D0C50 /* Card.m */,
				D677336719CAE37800F51CA9 /* Class_list.h */,
				D677336819CAE37800F51CA9 /* Class_list.m */,
				D677335819CAE08F00F51CA9 /* Student.h */,
				D677335919CAE08F00F51CA9 /* Student.m */,
				D67732DE19CADF9600F51CA9 /* Images.xcassets */,
				D67732D319CADF9600F51CA9 /* Supporting Files */,
			);
			path = MR_Demo;
			sourceTree = "<group>";
		};
		D67732D319CADF9600F51CA9 /* Supporting Files */ = {
			isa = PBXGroup;
			children = (
				D67732D419CADF9600F51CA9 /* MR_Demo-Info.plist */,
				D67732D519CADF9600F51CA9 /* InfoPlist.strings */,
				D67732D819CADF9600F51CA9 /* main.m */,
				D67732DA19CADF9600F51CA9 /* MR_Demo-Prefix.pch */,
			);
			name = "Supporting Files";
			sourceTree = "<group>";
		};
		D67732EB19CADF9600F51CA9 /* MR_DemoTests */ = {
			isa = PBXGroup;
			children = (
				D67732F119CADF9600F51CA9 /* MR_DemoTests.m */,
				D67732EC19CADF9600F51CA9 /* Supporting Files */,
			);
			path = MR_DemoTests;
			sourceTree = "<group>";
		};
		D67732EC19CADF9600F51CA9 /* Supporting Files */ = {
			isa = PBXGroup;
			children = (
				D67732ED19CADF9600F51CA9 /* MR_DemoTests-Info.plist */,
				D67732EE19CADF9600F51CA9 /* InfoPlist.strings */,
			);
			name = "Supporting Files";
			sourceTree = "<group>";
		};
		D67732FB19CADFA100F51CA9 /* MagicalRecord */ = {
			isa = PBXGroup;
			children = (
				D67732FC19CADFA100F51CA9 /* Categories */,
				D677332619CADFA100F51CA9 /* Core */,
				D677333819CADFA100F51CA9 /* CoreData+MagicalRecord.h */,
			);
			path = MagicalRecord;
			sourceTree = "<group>";
		};
		D67732FC19CADFA100F51CA9 /* Categories */ = {
			isa = PBXGroup;
			children = (
				D67732FD19CADFA100F51CA9 /* DataImport */,
				D677330C19CADFA100F51CA9 /* NSManagedObject */,
				D677331719CADFA100F51CA9 /* NSManagedObjectContext */,
				D677332019CADFA100F51CA9 /* NSManagedObjectModel+MagicalRecord.h */,
				D677332119CADFA100F51CA9 /* NSManagedObjectModel+MagicalRecord.m */,
				D677332219CADFA100F51CA9 /* NSPersistentStore+MagicalRecord.h */,
				D677332319CADFA100F51CA9 /* NSPersistentStore+MagicalRecord.m */,
				D677332419CADFA100F51CA9 /* NSPersistentStoreCoordinator+MagicalRecord.h */,
				D677332519CADFA100F51CA9 /* NSPersistentStoreCoordinator+MagicalRecord.m */,
			);
			path = Categories;
			sourceTree = "<group>";
		};
		D67732FD19CADFA100F51CA9 /* DataImport */ = {
			isa = PBXGroup;
			children = (
				D67732FE19CADFA100F51CA9 /* MagicalImportFunctions.h */,
				D67732FF19CADFA100F51CA9 /* MagicalImportFunctions.m */,
				D677330019CADFA100F51CA9 /* NSAttributeDescription+MagicalDataImport.h */,
				D677330119CADFA100F51CA9 /* NSAttributeDescription+MagicalDataImport.m */,
				D677330219CADFA100F51CA9 /* NSEntityDescription+MagicalDataImport.h */,
				D677330319CADFA100F51CA9 /* NSEntityDescription+MagicalDataImport.m */,
				D677330419CADFA100F51CA9 /* NSNumber+MagicalDataImport.h */,
				D677330519CADFA100F51CA9 /* NSNumber+MagicalDataImport.m */,
				D677330619CADFA100F51CA9 /* NSObject+MagicalDataImport.h */,
				D677330719CADFA100F51CA9 /* NSObject+MagicalDataImport.m */,
				D677330819CADFA100F51CA9 /* NSRelationshipDescription+MagicalDataImport.h */,
				D677330919CADFA100F51CA9 /* NSRelationshipDescription+MagicalDataImport.m */,
				D677330A19CADFA100F51CA9 /* NSString+MagicalDataImport.h */,
				D677330B19CADFA100F51CA9 /* NSString+MagicalDataImport.m */,
			);
			path = DataImport;
			sourceTree = "<group>";
		};
		D677330C19CADFA100F51CA9 /* NSManagedObject */ = {
			isa = PBXGroup;
			children = (
				D677330D19CADFA100F51CA9 /* NSManagedObject+MagicalAggregation.h */,
				D677330E19CADFA100F51CA9 /* NSManagedObject+MagicalAggregation.m */,
				D677330F19CADFA100F51CA9 /* NSManagedObject+MagicalDataImport.h */,
				D677331019CADFA100F51CA9 /* NSManagedObject+MagicalDataImport.m */,
				D677331119CADFA100F51CA9 /* NSManagedObject+MagicalFinders.h */,
				D677331219CADFA100F51CA9 /* NSManagedObject+MagicalFinders.m */,
				D677331319CADFA100F51CA9 /* NSManagedObject+MagicalRecord.h */,
				D677331419CADFA100F51CA9 /* NSManagedObject+MagicalRecord.m */,
				D677331519CADFA100F51CA9 /* NSManagedObject+MagicalRequests.h */,
				D677331619CADFA100F51CA9 /* NSManagedObject+MagicalRequests.m */,
			);
			path = NSManagedObject;
			sourceTree = "<group>";
		};
		D677331719CADFA100F51CA9 /* NSManagedObjectContext */ = {
			isa = PBXGroup;
			children = (
				D677331819CADFA100F51CA9 /* NSManagedObjectContext+MagicalObserving.h */,
				D677331919CADFA100F51CA9 /* NSManagedObjectContext+MagicalObserving.m */,
				D677331A19CADFA100F51CA9 /* NSManagedObjectContext+MagicalRecord.h */,
				D677331B19CADFA100F51CA9 /* NSManagedObjectContext+MagicalRecord.m */,
				D677331C19CADFA100F51CA9 /* NSManagedObjectContext+MagicalSaves.h */,
				D677331D19CADFA100F51CA9 /* NSManagedObjectContext+MagicalSaves.m */,
				D677331E19CADFA100F51CA9 /* NSManagedObjectContext+MagicalThreading.h */,
				D677331F19CADFA100F51CA9 /* NSManagedObjectContext+MagicalThreading.m */,
			);
			path = NSManagedObjectContext;
			sourceTree = "<group>";
		};
		D677332619CADFA100F51CA9 /* Core */ = {
			isa = PBXGroup;
			children = (
				D677332719CADFA100F51CA9 /* MagicalRecord+Actions.h */,
				D677332819CADFA100F51CA9 /* MagicalRecord+Actions.m */,
				D677332919CADFA100F51CA9 /* MagicalRecord+ErrorHandling.h */,
				D677332A19CADFA100F51CA9 /* MagicalRecord+ErrorHandling.m */,
				D677332B19CADFA100F51CA9 /* MagicalRecord+iCloud.h */,
				D677332C19CADFA100F51CA9 /* MagicalRecord+iCloud.m */,
				D677332D19CADFA100F51CA9 /* MagicalRecord+Options.h */,
				D677332E19CADFA100F51CA9 /* MagicalRecord+Options.m */,
				D677332F19CADFA100F51CA9 /* MagicalRecord+Setup.h */,
				D677333019CADFA100F51CA9 /* MagicalRecord+Setup.m */,
				D677333119CADFA100F51CA9 /* MagicalRecord+ShorthandSupport.h */,
				D677333219CADFA100F51CA9 /* MagicalRecord+ShorthandSupport.m */,
				D677333319CADFA100F51CA9 /* MagicalRecord.h */,
				D677333419CADFA100F51CA9 /* MagicalRecord.m */,
				D677333519CADFA100F51CA9 /* MagicalRecordDeprecated.h */,
				D677333619CADFA100F51CA9 /* MagicalRecordLogging.h */,
				D677333719CADFA100F51CA9 /* MagicalRecordShorthand.h */,
			);
			path = Core;
			sourceTree = "<group>";
		};
/* End PBXGroup section */

/* Begin PBXNativeTarget section */
		D67732C819CADF9600F51CA9 /* MR_Demo */ = {
			isa = PBXNativeTarget;
			buildConfigurationList = D67732F519CADF9600F51CA9 /* Build configuration list for PBXNativeTarget "MR_Demo" */;
			buildPhases = (
				D67732C519CADF9600F51CA9 /* Sources */,
				D67732C619CADF9600F51CA9 /* Frameworks */,
				D67732C719CADF9600F51CA9 /* Resources */,
			);
			buildRules = (
			);
			dependencies = (
			);
			name = MR_Demo;
			productName = MR_Demo;
			productReference = D67732C919CADF9600F51CA9 /* MR_Demo.app */;
			productType = "com.apple.product-type.application";
		};
		D67732E319CADF9600F51CA9 /* MR_DemoTests */ = {
			isa = PBXNativeTarget;
			buildConfigurationList = D67732F819CADF9600F51CA9 /* Build configuration list for PBXNativeTarget "MR_DemoTests" */;
			buildPhases = (
				D67732E019CADF9600F51CA9 /* Sources */,
				D67732E119CADF9600F51CA9 /* Frameworks */,
				D67732E219CADF9600F51CA9 /* Resources */,
			);
			buildRules = (
			);
			dependencies = (
				D67732EA19CADF9600F51CA9 /* PBXTargetDependency */,
			);
			name = MR_DemoTests;
			productName = MR_DemoTests;
			productReference = D67732E419CADF9600F51CA9 /* MR_DemoTests.xctest */;
			productType = "com.apple.product-type.bundle.unit-test";
		};
/* End PBXNativeTarget section */

/* Begin PBXProject section */
		D67732C119CADF9600F51CA9 /* Project object */ = {
			isa = PBXProject;
			attributes = {
				LastUpgradeCheck = 0510;
				ORGANIZATIONNAME = WorkMac;
				TargetAttributes = {
					D67732E319CADF9600F51CA9 = {
						TestTargetID = D67732C819CADF9600F51CA9;
					};
				};
			};
			buildConfigurationList = D67732C419CADF9600F51CA9 /* Build configuration list for PBXProject "MR_Demo" */;
			compatibilityVersion = "Xcode 3.2";
			developmentRegion = English;
			hasScannedForEncodings = 0;
			knownRegions = (
				en,
			);
			mainGroup = D67732C019CADF9600F51CA9;
			productRefGroup = D67732CA19CADF9600F51CA9 /* Products */;
			projectDirPath = "";
			projectRoot = "";
			targets = (
				D67732C819CADF9600F51CA9 /* MR_Demo */,
				D67732E319CADF9600F51CA9 /* MR_DemoTests */,
			);
		};
/* End PBXProject section */

/* Begin PBXResourcesBuildPhase section */
		D67732C719CADF9600F51CA9 /* Resources */ = {
			isa = PBXResourcesBuildPhase;
			buildActionMask = 2147483647;
			files = (
				D67732D719CADF9600F51CA9 /* InfoPlist.strings in Resources */,
				D67732DF19CADF9600F51CA9 /* Images.xcassets in Resources */,
			);
			runOnlyForDeploymentPostprocessing = 0;
		};
		D67732E219CADF9600F51CA9 /* Resources */ = {
			isa = PBXResourcesBuildPhase;
			buildActionMask = 2147483647;
			files = (
				D67732F019CADF9600F51CA9 /* InfoPlist.strings in Resources */,
			);
			runOnlyForDeploymentPostprocessing = 0;
		};
/* End PBXResourcesBuildPhase section */

/* Begin PBXSourcesBuildPhase section */
		D67732C519CADF9600F51CA9 /* Sources */ = {
			isa = PBXSourcesBuildPhase;
			buildActionMask = 2147483647;
			files = (
				D677334419CADFA100F51CA9 /* NSManagedObject+MagicalRequests.m in Sources */,
				D677334E19CADFA100F51CA9 /* MagicalRecord+iCloud.m in Sources */,
				D65133C219CFFC1A004D0C50 /* Person.m in Sources */,
				D677334A19CADFA100F51CA9 /* NSPersistentStore+MagicalRecord.m in Sources */,
				D65133BB19CFD732004D0C50 /* Parents.m in Sources */,
				D677335019CADFA100F51CA9 /* MagicalRecord+Setup.m in Sources */,
				D677333A19CADFA100F51CA9 /* NSAttributeDescription+MagicalDataImport.m in Sources */,
				D677333D19CADFA100F51CA9 /* NSObject+MagicalDataImport.m in Sources */,
				D65133B819CFD731004D0C50 /* Child.m in Sources */,
				D677334619CADFA100F51CA9 /* NSManagedObjectContext+MagicalRecord.m in Sources */,
				D677334C19CADFA100F51CA9 /* MagicalRecord+Actions.m in Sources */,
				D677334F19CADFA100F51CA9 /* MagicalRecord+Options.m in Sources */,
				D677334119CADFA100F51CA9 /* NSManagedObject+MagicalDataImport.m in Sources */,
				D677334919CADFA100F51CA9 /* NSManagedObjectModel+MagicalRecord.m in Sources */,
				D677335219CADFA100F51CA9 /* MagicalRecord.m in Sources */,
				D677334D19CADFA100F51CA9 /* MagicalRecord+ErrorHandling.m in Sources */,
				D67732DD19CADF9600F51CA9 /* AppDelegate.m in Sources */,
				D677334219CADFA100F51CA9 /* NSManagedObject+MagicalFinders.m in Sources */,
				D677333B19CADFA100F51CA9 /* NSEntityDescription+MagicalDataImport.m in Sources */,
				D67732D919CADF9600F51CA9 /* main.m in Sources */,
				D677336619CAE33C00F51CA9 /* Model.xcdatamodeld in Sources */,
				D677335A19CAE08F00F51CA9 /* Student.m in Sources */,
				D65133BF19CFFC19004D0C50 /* Card.m in Sources */,
				D677334319CADFA100F51CA9 /* NSManagedObject+MagicalRecord.m in Sources */,
				D677335119CADFA100F51CA9 /* MagicalRecord+ShorthandSupport.m in Sources */,
				D677333F19CADFA100F51CA9 /* NSString+MagicalDataImport.m in Sources */,
				D677333E19CADFA100F51CA9 /* NSRelationshipDescription+MagicalDataImport.m in Sources */,
				D677334719CADFA100F51CA9 /* NSManagedObjectContext+MagicalSaves.m in Sources */,
				D677336919CAE37800F51CA9 /* Class_list.m in Sources */,
				D677334519CADFA100F51CA9 /* NSManagedObjectContext+MagicalObserving.m in Sources */,
				D677334B19CADFA100F51CA9 /* NSPersistentStoreCoordinator+MagicalRecord.m in Sources */,
				D677333919CADFA100F51CA9 /* MagicalImportFunctions.m in Sources */,
				D677333C19CADFA100F51CA9 /* NSNumber+MagicalDataImport.m in Sources */,
				D677334019CADFA100F51CA9 /* NSManagedObject+MagicalAggregation.m in Sources */,
				D677334819CADFA100F51CA9 /* NSManagedObjectContext+MagicalThreading.m in Sources */,
			);
			runOnlyForDeploymentPostprocessing = 0;
		};
		D67732E019CADF9600F51CA9 /* Sources */ = {
			isa = PBXSourcesBuildPhase;
			buildActionMask = 2147483647;
			files = (
				D67732F219CADF9600F51CA9 /* MR_DemoTests.m in Sources */,
			);
			runOnlyForDeploymentPostprocessing = 0;
		};
/* End PBXSourcesBuildPhase section */

/* Begin PBXTargetDependency section */
		D67732EA19CADF9600F51CA9 /* PBXTargetDependency */ = {
			isa = PBXTargetDependency;
			target = D67732C819CADF9600F51CA9 /* MR_Demo */;
			targetProxy = D67732E919CADF9600F51CA9 /* PBXContainerItemProxy */;
		};
/* End PBXTargetDependency section */

/* Begin PBXVariantGroup section */
		D67732D519CADF9600F51CA9 /* InfoPlist.strings */ = {
			isa = PBXVariantGroup;
			children = (
				D67732D619CADF9600F51CA9 /* en */,
			);
			name = InfoPlist.strings;
			sourceTree = "<group>";
		};
		D67732EE19CADF9600F51CA9 /* InfoPlist.strings */ = {
			isa = PBXVariantGroup;
			children = (
				D67732EF19CADF9600F51CA9 /* en */,
			);
			name = InfoPlist.strings;
			sourceTree = "<group>";
		};
/* End PBXVariantGroup section */

/* Begin XCBuildConfiguration section */
		D67732F319CADF9600F51CA9 /* Debug */ = {
			isa = XCBuildConfiguration;
			buildSettings = {
				ALWAYS_SEARCH_USER_PATHS = NO;
				CLANG_CXX_LANGUAGE_STANDARD = "gnu++0x";
				CLANG_CXX_LIBRARY = "libc++";
				CLANG_ENABLE_MODULES = YES;
				CLANG_ENABLE_OBJC_ARC = YES;
				CLANG_WARN_BOOL_CONVERSION = YES;
				CLANG_WARN_CONSTANT_CONVERSION = YES;
				CLANG_WARN_DIRECT_OBJC_ISA_USAGE = YES_ERROR;
				CLANG_WARN_EMPTY_BODY = YES;
				CLANG_WARN_ENUM_CONVERSION = YES;
				CLANG_WARN_INT_CONVERSION = YES;
				CLANG_WARN_OBJC_ROOT_CLASS = YES_ERROR;
				CLANG_WARN__DUPLICATE_METHOD_MATCH = YES;
				"CODE_SIGN_IDENTITY[sdk=iphoneos*]" = "iPhone Developer";
				COPY_PHASE_STRIP = NO;
				GCC_C_LANGUAGE_STANDARD = gnu99;
				GCC_DYNAMIC_NO_PIC = NO;
				GCC_OPTIMIZATION_LEVEL = 0;
				GCC_PREPROCESSOR_DEFINITIONS = (
					"DEBUG=1",
					"$(inherited)",
				);
				GCC_SYMBOLS_PRIVATE_EXTERN = NO;
				GCC_WARN_64_TO_32_BIT_CONVERSION = YES;
				GCC_WARN_ABOUT_RETURN_TYPE = YES_ERROR;
				GCC_WARN_UNDECLARED_SELECTOR = YES;
				GCC_WARN_UNINITIALIZED_AUTOS = YES_AGGRESSIVE;
				GCC_WARN_UNUSED_FUNCTION = YES;
				GCC_WARN_UNUSED_VARIABLE = YES;
				IPHONEOS_DEPLOYMENT_TARGET = 7.1;
				ONLY_ACTIVE_ARCH = YES;
				SDKROOT = iphoneos;
			};
			name = Debug;
		};
		D67732F419CADF9600F51CA9 /* Release */ = {
			isa = XCBuildConfiguration;
			buildSettings = {
				ALWAYS_SEARCH_USER_PATHS = NO;
				CLANG_CXX_LANGUAGE_STANDARD = "gnu++0x";
				CLANG_CXX_LIBRARY = "libc++";
				CLANG_ENABLE_MODULES = YES;
				CLANG_ENABLE_OBJC_ARC = YES;
				CLANG_WARN_BOOL_CONVERSION = YES;
				CLANG_WARN_CONSTANT_CONVERSION = YES;
				CLANG_WARN_DIRECT_OBJC_ISA_USAGE = YES_ERROR;
				CLANG_WARN_EMPTY_BODY = YES;
				CLANG_WARN_ENUM_CONVERSION = YES;
				CLANG_WARN_INT_CONVERSION = YES;
				CLANG_WARN_OBJC_ROOT_CLASS = YES_ERROR;
				CLANG_WARN__DUPLICATE_METHOD_MATCH = YES;
				"CODE_SIGN_IDENTITY[sdk=iphoneos*]" = "iPhone Developer";
				COPY_PHASE_STRIP = YES;
				ENABLE_NS_ASSERTIONS = NO;
				GCC_C_LANGUAGE_STANDARD = gnu99;
				GCC_WARN_64_TO_32_BIT_CONVERSION = YES;
				GCC_WARN_ABOUT_RETURN_TYPE = YES_ERROR;
				GCC_WARN_UNDECLARED_SELECTOR = YES;
				GCC_WARN_UNINITIALIZED_AUTOS = YES_AGGRESSIVE;
				GCC_WARN_UNUSED_FUNCTION = YES;
				GCC_WARN_UNUSED_VARIABLE = YES;
				IPHONEOS_DEPLOYMENT_TARGET = 7.1;
				SDKROOT = iphoneos;
				VALIDATE_PRODUCT = YES;
			};
			name = Release;
		};
		D67732F619CADF9600F51CA9 /* Debug */ = {
			isa = XCBuildConfiguration;
			buildSettings = {
				ASSETCATALOG_COMPILER_APPICON_NAME = AppIcon;
				ASSETCATALOG_COMPILER_LAUNCHIMAGE_NAME = LaunchImage;
				GCC_PRECOMPILE_PREFIX_HEADER = YES;
				GCC_PREFIX_HEADER = "MR_Demo/MR_Demo-Prefix.pch";
				INFOPLIST_FILE = "MR_Demo/MR_Demo-Info.plist";
				PRODUCT_NAME = "$(TARGET_NAME)";
				WRAPPER_EXTENSION = app;
			};
			name = Debug;
		};
		D67732F719CADF9600F51CA9 /* Release */ = {
			isa = XCBuildConfiguration;
			buildSettings = {
				ASSETCATALOG_COMPILER_APPICON_NAME = AppIcon;
				ASSETCATALOG_COMPILER_LAUNCHIMAGE_NAME = LaunchImage;
				GCC_PRECOMPILE_PREFIX_HEADER = YES;
				GCC_PREFIX_HEADER = "MR_Demo/MR_Demo-Prefix.pch";
				INFOPLIST_FILE = "MR_Demo/MR_Demo-Info.plist";
				PRODUCT_NAME = "$(TARGET_NAME)";
				WRAPPER_EXTENSION = app;
			};
			name = Release;
		};
		D67732F919CADF9600F51CA9 /* Debug */ = {
			isa = XCBuildConfiguration;
			buildSettings = {
				BUNDLE_LOADER = "$(BUILT_PRODUCTS_DIR)/MR_Demo.app/MR_Demo";
				FRAMEWORK_SEARCH_PATHS = (
					"$(SDKROOT)/Developer/Library/Frameworks",
					"$(inherited)",
					"$(DEVELOPER_FRAMEWORKS_DIR)",
				);
				GCC_PRECOMPILE_PREFIX_HEADER = YES;
				GCC_PREFIX_HEADER = "MR_Demo/MR_Demo-Prefix.pch";
				GCC_PREPROCESSOR_DEFINITIONS = (
					"DEBUG=1",
					"$(inherited)",
				);
				INFOPLIST_FILE = "MR_DemoTests/MR_DemoTests-Info.plist";
				PRODUCT_NAME = "$(TARGET_NAME)";
				TEST_HOST = "$(BUNDLE_LOADER)";
				WRAPPER_EXTENSION = xctest;
			};
			name = Debug;
		};
		D67732FA19CADF9600F51CA9 /* Release */ = {
			isa = XCBuildConfiguration;
			buildSettings = {
				BUNDLE_LOADER = "$(BUILT_PRODUCTS_DIR)/MR_Demo.app/MR_Demo";
				FRAMEWORK_SEARCH_PATHS = (
					"$(SDKROOT)/Developer/Library/Frameworks",
					"$(inherited)",
					"$(DEVELOPER_FRAMEWORKS_DIR)",
				);
				GCC_PRECOMPILE_PREFIX_HEADER = YES;
				GCC_PREFIX_HEADER = "MR_Demo/MR_Demo-Prefix.pch";
				INFOPLIST_FILE = "MR_DemoTests/MR_DemoTests-Info.plist";
				PRODUCT_NAME = "$(TARGET_NAME)";
				TEST_HOST = "$(BUNDLE_LOADER)";
				WRAPPER_EXTENSION = xctest;
			};
			name = Release;
		};
/* End XCBuildConfiguration section */

/* Begin XCConfigurationList section */
		D67732C419CADF9600F51CA9 /* Build configuration list for PBXProject "MR_Demo" */ = {
			isa = XCConfigurationList;
			buildConfigurations = (
				D67732F319CADF9600F51CA9 /* Debug */,
				D67732F419CADF9600F51CA9 /* Release */,
			);
			defaultConfigurationIsVisible = 0;
			defaultConfigurationName = Release;
		};
		D67732F519CADF9600F51CA9 /* Build configuration list for PBXNativeTarget "MR_Demo" */ = {
			isa = XCConfigurationList;
			buildConfigurations = (
				D67732F619CADF9600F51CA9 /* Debug */,
				D67732F719CADF9600F51CA9 /* Release */,
			);
			defaultConfigurationIsVisible = 0;
			defaultConfigurationName = Release;
		};
		D67732F819CADF9600F51CA9 /* Build configuration list for PBXNativeTarget "MR_DemoTests" */ = {
			isa = XCConfigurationList;
			buildConfigurations = (
				D67732F919CADF9600F51CA9 /* Debug */,
				D67732FA19CADF9600F51CA9 /* Release */,
			);
			defaultConfigurationIsVisible = 0;
			defaultConfigurationName = Release;
		};
/* End XCConfigurationList section */

/* Begin XCVersionGroup section */
		D677336419CAE33C00F51CA9 /* Model.xcdatamodeld */ = {
			isa = XCVersionGroup;
			children = (
				D65133BC19CFEE7D004D0C50 /* Model 2.xcdatamodel */,
				D677336519CAE33C00F51CA9 /* Model.xcdatamodel */,
			);
			currentVersion = D677336519CAE33C00F51CA9 /* Model.xcdatamodel */;
			name = Model.xcdatamodeld;
			path = ../../../.Trash/Model.xcdatamodeld;
			sourceTree = "<group>";
			versionGroupType = wrapper.xcdatamodel;
		};
/* End XCVersionGroup section */
	};
	rootObject = D67732C119CADF9600F51CA9 /* Project object */;
}
